
Microsoft Visual Studio Solution File, Format Version 12.00
# Visual Studio Version 17
VisualStudioVersion = 17.6.33815.320
MinimumVisualStudioVersion = 10.0.40219.1
Project("{FAE04EC0-301F-11D3-BF4B-00C04F79EFBC}") = "Ca1", "Ca1.csproj", "{923CD986-4271-459F-A3C3-4C66A56DE48C}"
EndProject
Global
	GlobalSection(SolutionConfigurationPlatforms) = preSolution
		Debug|Any CPU = Debug|Any CPU
		Release|Any CPU = Release|Any CPU
	EndGlobalSection
	GlobalSection(ProjectConfigurationPlatforms) = postSolution
		{923CD986-4271-459F-A3C3-4C66A56DE48C}.Debug|Any CPU.ActiveCfg = Debug|Any CPU
		{923CD986-4271-459F-A3C3-4C66A56DE48C}.Debug|Any CPU.Build.0 = Debug|Any CPU
		{923CD986-4271-459F-A3C3-4C66A56DE48C}.Release|Any CPU.ActiveCfg = Release|Any CPU
		{923CD986-4271-459F-A3C3-4C66A56DE48C}.Release|Any CPU.Build.0 = Release|Any CPU
	EndGlobalSection
	GlobalSection(SolutionProperties) = preSolution
		HideSolutionNode = FALSE
	EndGlobalSection
	GlobalSection(ExtensibilityGlobals) = postSolution
		SolutionGuid = {AFD5C8C9-CBD9-4EE7-9E66-A467BFD5EBAC}
	EndGlobalSection
EndGlobal
